dependencies:
- name: mariadb
  repository: https://charts.bitnami.com/bitnami
  version: 7.10.4
- name: common
  repository: https://charts.bitnami.com/bitnami
  version: 0.8.1
digest: sha256:8b9798aa54ef86d69358d482640fcc22b53333c78d16131f44bd14d0f580007e
generated: "2020-10-07T01:20:11.167084817Z"
