dependencies:
- name: mariadb
  repository: https://charts.bitnami.com/bitnami
  version: 8.0.5
- name: common
  repository: https://charts.bitnami.com/bitnami
  version: 0.8.2
digest: sha256:8956028f7aff8144cc3d443001d2160eadb992802c37d4cd026d0d1b3591aa44
generated: "2020-11-04T01:07:50.894881002Z"
