dependencies:
- name: mariadb
  repository: https://charts.bitnami.com/bitnami
  version: 7.10.0
- name: common
  repository: https://charts.bitnami.com/bitnami
  version: 0.6.2
digest: sha256:dbff54d373011ca798e76bac400ac7c8d589945d72c19e5722f8f7e73112fad8
generated: "2020-09-14T01:11:02.701441054Z"
